{
  "name": "js-utility-x",
  "version": "1.0.0",
  "lockfileVersion": 2,
  "requires": true,
  "packages": {
    "": {
      "name": "js-utility-x",
      "version": "1.0.0",
      "license": "ISC",
      "dependencies": {
        "js-utility-x": "^1.0.0"
      }
    },
    "node_modules/js-utility-x": {
      "version": "1.0.0",
      "resolved": "https://registry.npmjs.org/js-utility-x/-/js-utility-x-1.0.0.tgz",
      "integrity": "sha512-w/frPJXlnpVPyfZa/TTrOf1Q8MjV0U7MjIaUEtQUPGDCFm0QDwTAsosHhJTAAPpKcYGcOu054SYa0Cor3bwDBg=="
    }
  },
  "dependencies": {
    "js-utility-x": {
      "version": "1.0.0",
      "resolved": "https://registry.npmjs.org/js-utility-x/-/js-utility-x-1.0.0.tgz",
      "integrity": "sha512-w/frPJXlnpVPyfZa/TTrOf1Q8MjV0U7MjIaUEtQUPGDCFm0QDwTAsosHhJTAAPpKcYGcOu054SYa0Cor3bwDBg=="
    }
  }
}
